// !$*UTF8*$!
{
	archiveVersion = 1;
	classes = {
	};
	objectVersion = 50;
	objects = {

/* Begin PBXBuildFile section */
		B051817A247EAAFB00B34482 /* AppDelegate.swift in Sources */ = {isa = PBXBuildFile; fileRef = B0518179247EAAFB00B34482 /* AppDelegate.swift */; };
		B051817C247EAAFB00B34482 /* SceneDelegate.swift in Sources */ = {isa = PBXBuildFile; fileRef = B051817B247EAAFB00B34482 /* SceneDelegate.swift */; };
		B051817E247EAAFB00B34482 /* ViewController.swift in Sources */ = {isa = PBXBuildFile; fileRef = B051817D247EAAFB00B34482 /* ViewController.swift */; };
		B0518181247EAAFB00B34482 /* Main.storyboard in Resources */ = {isa = PBXBuildFile; fileRef = B051817F247EAAFB00B34482 /* Main.storyboard */; };
		B0518183247EAAFE00B34482 /* Assets.xcassets in Resources */ = {isa = PBXBuildFile; fileRef = B0518182247EAAFE00B34482 /* Assets.xcassets */; };
		B0518186247EAAFE00B34482 /* LaunchScreen.storyboard in Resources */ = {isa = PBXBuildFile; fileRef = B0518184247EAAFE00B34482 /* LaunchScreen.storyboard */; };
		B051818E247EABDE00B34482 /* Suger.swift in Sources */ = {isa = PBXBuildFile; fileRef = B051818D247EABDE00B34482 /* Suger.swift */; };
		B0518190247EACAB00B34482 /* AnchorExtension.swift in Sources */ = {isa = PBXBuildFile; fileRef = B051818F247EACAB00B34482 /* AnchorExtension.swift */; };
		B0518192247EAE4000B34482 /* Models.swift in Sources */ = {isa = PBXBuildFile; fileRef = B0518191247EAE4000B34482 /* Models.swift */; };
		B0518194247EAE6B00B34482 /* Views.swift in Sources */ = {isa = PBXBuildFile; fileRef = B0518193247EAE6B00B34482 /* Views.swift */; };
		B0518196247EAF0C00B34482 /* Extension.swift in Sources */ = {isa = PBXBuildFile; fileRef = B0518195247EAF0C00B34482 /* Extension.swift */; };
/* End PBXBuildFile section */

/* Begin PBXFileReference section */
		B0518176247EAAFB00B34482 /* TreeTableViewDemo.app */ = {isa = PBXFileReference; explicitFileType = wrapper.application; includeInIndex = 0; path = TreeTableViewDemo.app; sourceTree = BUILT_PRODUCTS_DIR; };
		B0518179247EAAFB00B34482 /* AppDelegate.swift */ = {isa = PBXFileReference; lastKnownFileType = sourcecode.swift; path = AppDelegate.swift; sourceTree = "<group>"; };
		B051817B247EAAFB00B34482 /* SceneDelegate.swift */ = {isa = PBXFileReference; lastKnownFileType = sourcecode.swift; path = SceneDelegate.swift; sourceTree = "<group>"; };
		B051817D247EAAFB00B34482 /* ViewController.swift */ = {isa = PBXFileReference; lastKnownFileType = sourcecode.swift; path = ViewController.swift; sourceTree = "<group>"; };
		B0518180247EAAFB00B34482 /* Base */ = {isa = PBXFileReference; lastKnownFileType = file.storyboard; name = Base; path = Base.lproj/Main.storyboard; sourceTree = "<group>"; };
		B0518182247EAAFE00B34482 /* Assets.xcassets */ = {isa = PBXFileReference; lastKnownFileType = folder.assetcatalog; path = Assets.xcassets; sourceTree = "<group>"; };
		B0518185247EAAFE00B34482 /* Base */ = {isa = PBXFileReference; lastKnownFileType = file.storyboard; name = Base; path = Base.lproj/LaunchScreen.storyboard; sourceTree = "<group>"; };
		B0518187247EAAFE00B34482 /* Info.plist */ = {isa = PBXFileReference; lastKnownFileType = text.plist.xml; path = Info.plist; sourceTree = "<group>"; };
		B051818D247EABDE00B34482 /* Suger.swift */ = {isa = PBXFileReference; lastKnownFileType = sourcecode.swift; path = Suger.swift; sourceTree = "<group>"; };
		B051818F247EACAB00B34482 /* AnchorExtension.swift */ = {isa = PBXFileReference; lastKnownFileType = sourcecode.swift; path = AnchorExtension.swift; sourceTree = "<group>"; };
		B0518191247EAE4000B34482 /* Models.swift */ = {isa = PBXFileReference; lastKnownFileType = sourcecode.swift; path = Models.swift; sourceTree = "<group>"; };
		B0518193247EAE6B00B34482 /* Views.swift */ = {isa = PBXFileReference; lastKnownFileType = sourcecode.swift; path = Views.swift; sourceTree = "<group>"; };
		B0518195247EAF0C00B34482 /* Extension.swift */ = {isa = PBXFileReference; lastKnownFileType = sourcecode.swift; path = Extension.swift; sourceTree = "<group>"; };
/* End PBXFileReference section */

/* Begin PBXFrameworksBuildPhase section */
		B0518173247EAAFB00B34482 /* Frameworks */ = {
			isa = PBXFrameworksBuildPhase;
			buildActionMask = 2147483647;
			files = (
			);
			runOnlyForDeploymentPostprocessing = 0;
		};
/* End PBXFrameworksBuildPhase section */

/* Begin PBXGroup section */
		B051816D247EAAFB00B34482 = {
			isa = PBXGroup;
			children = (
				B0518178247EAAFB00B34482 /* TreeTableViewDemo */,
				B0518177247EAAFB00B34482 /* Products */,
			);
			sourceTree = "<group>";
		};
		B0518177247EAAFB00B34482 /* Products */ = {
			isa = PBXGroup;
			children = (
				B0518176247EAAFB00B34482 /* TreeTableViewDemo.app */,
			);
			name = Products;
			sourceTree = "<group>";
		};
		B0518178247EAAFB00B34482 /* TreeTableViewDemo */ = {
			isa = PBXGroup;
			children = (
				B0518179247EAAFB00B34482 /* AppDelegate.swift */,
				B051817B247EAAFB00B34482 /* SceneDelegate.swift */,
				B051817D247EAAFB00B34482 /* ViewController.swift */,
				B0518191247EAE4000B34482 /* Models.swift */,
				B0518193247EAE6B00B34482 /* Views.swift */,
				B051818F247EACAB00B34482 /* AnchorExtension.swift */,
				B051818D247EABDE00B34482 /* Suger.swift */,
				B0518195247EAF0C00B34482 /* Extension.swift */,
				B051817F247EAAFB00B34482 /* Main.storyboard */,
				B0518182247EAAFE00B34482 /* Assets.xcassets */,
				B0518184247EAAFE00B34482 /* LaunchScreen.storyboard */,
				B0518187247EAAFE00B34482 /* Info.plist */,
			);
			path = TreeTableViewDemo;
			sourceTree = "<group>";
		};
/* End PBXGroup section */

/* Begin PBXNativeTarget section */
		B0518175247EAAFB00B34482 /* TreeTableViewDemo */ = {
			isa = PBXNativeTarget;
			buildConfigurationList = B051818A247EAAFE00B34482 /* Build configuration list for PBXNativeTarget "TreeTableViewDemo" */;
			buildPhases = (
				B0518172247EAAFB00B34482 /* Sources */,
				B0518173247EAAFB00B34482 /* Frameworks */,
				B0518174247EAAFB00B34482 /* Resources */,
			);
			buildRules = (
			);
			dependencies = (
			);
			name = TreeTableViewDemo;
			productName = TreeTableViewDemo;
			productReference = B0518176247EAAFB00B34482 /* TreeTableViewDemo.app */;
			productType = "com.apple.product-type.application";
		};
/* End PBXNativeTarget section */

/* Begin PBXProject section */
		B051816E247EAAFB00B34482 /* Project object */ = {
			isa = PBXProject;
			attributes = {
				LastSwiftUpdateCheck = 1130;
				LastUpgradeCheck = 1130;
				ORGANIZATIONNAME = Beairs;
				TargetAttributes = {
					B0518175247EAAFB00B34482 = {
						CreatedOnToolsVersion = 11.3.1;
					};
				};
			};
			buildConfigurationList = B0518171247EAAFB00B34482 /* Build configuration list for PBXProject "TreeTableViewDemo" */;
			compatibilityVersion = "Xcode 9.3";
			developmentRegion = en;
			hasScannedForEncodings = 0;
			knownRegions = (
				en,
				Base,
			);
			mainGroup = B051816D247EAAFB00B34482;
			productRefGroup = B0518177247EAAFB00B34482 /* Products */;
			projectDirPath = "";
			projectRoot = "";
			targets = (
				B0518175247EAAFB00B34482 /* TreeTableViewDemo */,
			);
		};
/* End PBXProject section */

/* Begin PBXResourcesBuildPhase section */
		B0518174247EAAFB00B34482 /* Resources */ = {
			isa = PBXResourcesBuildPhase;
			buildActionMask = 2147483647;
			files = (
				B0518186247EAAFE00B34482 /* LaunchScreen.storyboard in Resources */,
				B0518183247EAAFE00B34482 /* Assets.xcassets in Resources */,
				B0518181247EAAFB00B34482 /* Main.storyboard in Resources */,
			);
			runOnlyForDeploymentPostprocessing = 0;
		};
/* End PBXResourcesBuildPhase section */

/* Begin PBXSourcesBuildPhase section */
		B0518172247EAAFB00B34482 /* Sources */ = {
			isa = PBXSourcesBuildPhase;
			buildActionMask = 2147483647;
			files = (
				B051818E247EABDE00B34482 /* Suger.swift in Sources */,
				B051817E247EAAFB00B34482 /* ViewController.swift in Sources */,
				B051817A247EAAFB00B34482 /* AppDelegate.swift in Sources */,
				B0518194247EAE6B00B34482 /* Views.swift in Sources */,
				B0518192247EAE4000B34482 /* Models.swift in Sources */,
				B0518190247EACAB00B34482 /* AnchorExtension.swift in Sources */,
				B051817C247EAAFB00B34482 /* SceneDelegate.swift in Sources */,
				B0518196247EAF0C00B34482 /* Extension.swift in Sources */,
			);
			runOnlyForDeploymentPostprocessing = 0;
		};
/* End PBXSourcesBuildPhase section */

/* Begin PBXVariantGroup section */
		B051817F247EAAFB00B34482 /* Main.storyboard */ = {
			isa = PBXVariantGroup;
			children = (
				B0518180247EAAFB00B34482 /* Base */,
			);
			name = Main.storyboard;
			sourceTree = "<group>";
		};
		B0518184247EAAFE00B34482 /* LaunchScreen.storyboard */ = {
			isa = PBXVariantGroup;
			children = (
				B0518185247EAAFE00B34482 /* Base */,
			);
			name = LaunchScreen.storyboard;
			sourceTree = "<group>";
		};
/* End PBXVariantGroup section */

/* Begin XCBuildConfiguration section */
		B0518188247EAAFE00B34482 /* Debug */ = {
			isa = XCBuildConfiguration;
			buildSettings = {
				ALWAYS_SEARCH_USER_PATHS = NO;
				CLANG_ANALYZER_NONNULL = YES;
				CLANG_ANALYZER_NUMBER_OBJECT_CONVERSION = YES_AGGRESSIVE;
				CLANG_CXX_LANGUAGE_STANDARD = "gnu++14";
				CLANG_CXX_LIBRARY = "libc++";
				CLANG_ENABLE_MODULES = YES;
				CLANG_ENABLE_OBJC_ARC = YES;
				CLANG_ENABLE_OBJC_WEAK = YES;
				CLANG_WARN_BLOCK_CAPTURE_AUTORELEASING = YES;
				CLANG_WARN_BOOL_CONVERSION = YES;
				CLANG_WARN_COMMA = YES;
				CLANG_WARN_CONSTANT_CONVERSION = YES;
				CLANG_WARN_DEPRECATED_OBJC_IMPLEMENTATIONS = YES;
				CLANG_WARN_DIRECT_OBJC_ISA_USAGE = YES_ERROR;
				CLANG_WARN_DOCUMENTATION_COMMENTS = YES;
				CLANG_WARN_EMPTY_BODY = YES;
				CLANG_WARN_ENUM_CONVERSION = YES;
				CLANG_WARN_INFINITE_RECURSION = YES;
				CLANG_WARN_INT_CONVERSION = YES;
				CLANG_WARN_NON_LITERAL_NULL_CONVERSION = YES;
				CLANG_WARN_OBJC_IMPLICIT_RETAIN_SELF = YES;
				CLANG_WARN_OBJC_LITERAL_CONVERSION = YES;
				CLANG_WARN_OBJC_ROOT_CLASS = YES_ERROR;
				CLANG_WARN_RANGE_LOOP_ANALYSIS = YES;
				CLANG_WARN_STRICT_PROTOTYPES = YES;
				CLANG_WARN_SUSPICIOUS_MOVE = YES;
				CLANG_WARN_UNGUARDED_AVAILABILITY = YES_AGGRESSIVE;
				CLANG_WARN_UNREACHABLE_CODE = YES;
				CLANG_WARN__DUPLICATE_METHOD_MATCH = YES;
				COPY_PHASE_STRIP = NO;
				DEBUG_INFORMATION_FORMAT = dwarf;
				ENABLE_STRICT_OBJC_MSGSEND = YES;
				ENABLE_TESTABILITY = YES;
				GCC_C_LANGUAGE_STANDARD = gnu11;
				GCC_DYNAMIC_NO_PIC = NO;
				GCC_NO_COMMON_BLOCKS = YES;
				GCC_OPTIMIZATION_LEVEL = 0;
				GCC_PREPROCESSOR_DEFINITIONS = (
					"DEBUG=1",
					"$(inherited)",
				);
				GCC_WARN_64_TO_32_BIT_CONVERSION = YES;
				GCC_WARN_ABOUT_RETURN_TYPE = YES_ERROR;
				GCC_WARN_UNDECLARED_SELECTOR = YES;
				GCC_WARN_UNINITIALIZED_AUTOS = YES_AGGRESSIVE;
				GCC_WARN_UNUSED_FUNCTION = YES;
				GCC_WARN_UNUSED_VARIABLE = YES;
				IPHONEOS_DEPLOYMENT_TARGET = 13.2;
				MTL_ENABLE_DEBUG_INFO = INCLUDE_SOURCE;
				MTL_FAST_MATH = YES;
				ONLY_ACTIVE_ARCH = YES;
				SDKROOT = iphoneos;
				SWIFT_ACTIVE_COMPILATION_CONDITIONS = DEBUG;
				SWIFT_OPTIMIZATION_LEVEL = "-Onone";
			};
			name = Debug;
		};
		B0518189247EAAFE00B34482 /* Release */ = {
			isa = XCBuildConfiguration;
			buildSettings = {
				ALWAYS_SEARCH_USER_PATHS = NO;
				CLANG_ANALYZER_NONNULL = YES;
				CLANG_ANALYZER_NUMBER_OBJECT_CONVERSION = YES_AGGRESSIVE;
				CLANG_CXX_LANGUAGE_STANDARD = "gnu++14";
				CLANG_CXX_LIBRARY = "libc++";
				CLANG_ENABLE_MODULES = YES;
				CLANG_ENABLE_OBJC_ARC = YES;
				CLANG_ENABLE_OBJC_WEAK = YES;
				CLANG_WARN_BLOCK_CAPTURE_AUTORELEASING = YES;
				CLANG_WARN_BOOL_CONVERSION = YES;
				CLANG_WARN_COMMA = YES;
				CLANG_WARN_CONSTANT_CONVERSION = YES;
				CLANG_WARN_DEPRECATED_OBJC_IMPLEMENTATIONS = YES;
				CLANG_WARN_DIRECT_OBJC_ISA_USAGE = YES_ERROR;
				CLANG_WARN_DOCUMENTATION_COMMENTS = YES;
				CLANG_WARN_EMPTY_BODY = YES;
				CLANG_WARN_ENUM_CONVERSION = YES;
				CLANG_WARN_INFINITE_RECURSION = YES;
				CLANG_WARN_INT_CONVERSION = YES;
				CLANG_WARN_NON_LITERAL_NULL_CONVERSION = YES;
				CLANG_WARN_OBJC_IMPLICIT_RETAIN_SELF = YES;
				CLANG_WARN_OBJC_LITERAL_CONVERSION = YES;
				CLANG_WARN_OBJC_ROOT_CLASS = YES_ERROR;
				CLANG_WARN_RANGE_LOOP_ANALYSIS = YES;
				CLANG_WARN_STRICT_PROTOTYPES = YES;
				CLANG_WARN_SUSPICIOUS_MOVE = YES;
				CLANG_WARN_UNGUARDED_AVAILABILITY = YES_AGGRESSIVE;
				CLANG_WARN_UNREACHABLE_CODE = YES;
				CLANG_WARN__DUPLICATE_METHOD_MATCH = YES;
				COPY_PHASE_STRIP = NO;
				DEBUG_INFORMATION_FORMAT = "dwarf-with-dsym";
				ENABLE_NS_ASSERTIONS = NO;
				ENABLE_STRICT_OBJC_MSGSEND = YES;
				GCC_C_LANGUAGE_STANDARD = gnu11;
				GCC_NO_COMMON_BLOCKS = YES;
				GCC_WARN_64_TO_32_BIT_CONVERSION = YES;
				GCC_WARN_ABOUT_RETURN_TYPE = YES_ERROR;
				GCC_WARN_UNDECLARED_SELECTOR = YES;
				GCC_WARN_UNINITIALIZED_AUTOS = YES_AGGRESSIVE;
				GCC_WARN_UNUSED_FUNCTION = YES;
				GCC_WARN_UNUSED_VARIABLE = YES;
				IPHONEOS_DEPLOYMENT_TARGET = 13.2;
				MTL_ENABLE_DEBUG_INFO = NO;
				MTL_FAST_MATH = YES;
				SDKROOT = iphoneos;
				SWIFT_COMPILATION_MODE = wholemodule;
				SWIFT_OPTIMIZATION_LEVEL = "-O";
				VALIDATE_PRODUCT = YES;
			};
			name = Release;
		};
		B051818B247EAAFE00B34482 /* Debug */ = {
			isa = XCBuildConfiguration;
			buildSettings = {
				ASSETCATALOG_COMPILER_APPICON_NAME = AppIcon;
				CODE_SIGN_STYLE = Automatic;
				DEVELOPMENT_TEAM = "";
				INFOPLIST_FILE = TreeTableViewDemo/Info.plist;
				LD_RUNPATH_SEARCH_PATHS = (
					"$(inherited)",
					"@executable_path/Frameworks",
				);
				PRODUCT_BUNDLE_IDENTIFIER = com.bearis.TreeTableViewDemo;
				PRODUCT_NAME = "$(TARGET_NAME)";
				SWIFT_VERSION = 5.0;
				TARGETED_DEVICE_FAMILY = "1,2";
			};
			name = Debug;
		};
		B051818C247EAAFE00B34482 /* Release */ = {
			isa = XCBuildConfiguration;
			buildSettings = {
				ASSETCATALOG_COMPILER_APPICON_NAME = AppIcon;
				CODE_SIGN_STYLE = Automatic;
				DEVELOPMENT_TEAM = "";
				INFOPLIST_FILE = TreeTableViewDemo/Info.plist;
				LD_RUNPATH_SEARCH_PATHS = (
					"$(inherited)",
					"@executable_path/Frameworks",
				);
				PRODUCT_BUNDLE_IDENTIFIER = com.bearis.TreeTableViewDemo;
				PRODUCT_NAME = "$(TARGET_NAME)";
				SWIFT_VERSION = 5.0;
				TARGETED_DEVICE_FAMILY = "1,2";
			};
			name = Release;
		};
/* End XCBuildConfiguration section */

/* Begin XCConfigurationList section */
		B0518171247EAAFB00B34482 /* Build configuration list for PBXProject "TreeTableViewDemo" */ = {
			isa = XCConfigurationList;
			buildConfigurations = (
				B0518188247EAAFE00B34482 /* Debug */,
				B0518189247EAAFE00B34482 /* Release */,
			);
			defaultConfigurationIsVisible = 0;
			defaultConfigurationName = Release;
		};
		B051818A247EAAFE00B34482 /* Build configuration list for PBXNativeTarget "TreeTableViewDemo" */ = {
			isa = XCConfigurationList;
			buildConfigurations = (
				B051818B247EAAFE00B34482 /* Debug */,
				B051818C247EAAFE00B34482 /* Release */,
			);
			defaultConfigurationIsVisible = 0;
			defaultConfigurationName = Release;
		};
/* End XCConfigurationList section */
	};
	rootObject = B051816E247EAAFB00B34482 /* Project object */;
}
